<Project xmlns="http://schemas.microsoft.com/developer/msbuild/2003">
    <PropertyGroup>
        <Base>True</Base>
        <AppType>Console</AppType>
        <Config Condition="'$(Config)'==''">Debug</Config>
        <FrameworkType>None</FrameworkType>
        <MainSource>nxmcp.dpr</MainSource>
        <Platform Condition="'$(Platform)'==''">Win64</Platform>
        <ProjectGuid>{663347F2-EB4A-4A5F-A64A-ED82760B67FE}</ProjectGuid>
        <ProjectName Condition="'$(ProjectName)'==''">nxmcp</ProjectName>
        <ProjectVersion>20.4</ProjectVersion>
        <TargetedPlatforms>2</TargetedPlatforms>
    </PropertyGroup>
    <PropertyGroup Condition="'$(Config)'=='Base' or '$(Base)'!=''">
        <Base>true</Base>
    </PropertyGroup>
    <PropertyGroup Condition="('$(Platform)'=='Win64' and '$(Base)'=='true') or '$(Base_Win64)'!=''">
        <Base_Win64>true</Base_Win64>
        <CfgParent>Base</CfgParent>
        <Base>true</Base>
    </PropertyGroup>
    <PropertyGroup Condition="'$(Config)'=='Debug' or '$(Cfg_1)'!=''">
        <Cfg_1>true</Cfg_1>
        <CfgParent>Base</CfgParent>
        <Base>true</Base>
    </PropertyGroup>
    <PropertyGroup Condition="('$(Platform)'=='Win64' and '$(Cfg_1)'=='true') or '$(Cfg_1_Win64)'!=''">
        <Cfg_1_Win64>true</Cfg_1_Win64>
        <CfgParent>Cfg_1</CfgParent>
        <Cfg_1>true</Cfg_1>
        <Base>true</Base>
    </PropertyGroup>
    <PropertyGroup Condition="'$(Config)'=='Release' or '$(Cfg_2)'!=''">
        <Cfg_2>true</Cfg_2>
        <CfgParent>Base</CfgParent>
        <Base>true</Base>
    </PropertyGroup>
    <PropertyGroup Condition="'$(Base)'!=''">
        <SanitizedProjectName>nxmcp</SanitizedProjectName>
        <DCC_DcuOutput>.\$(Platform)\$(Config)</DCC_DcuOutput>
        <DCC_ExeOutput>C:\Lib\_NexusDB4\Bin64</DCC_ExeOutput>
        <DCC_Namespace>System;Xml;Data;Datasnap;Web;Soap;$(DCC_Namespace)</DCC_Namespace>
    </PropertyGroup>
    <PropertyGroup Condition="'$(Base_Win64)'!=''">
        <AppDPIAwarenessMode>none</AppDPIAwarenessMode>
        <BT_BuildType>Debug</BT_BuildType>
        <DCC_ConsoleTarget>true</DCC_ConsoleTarget>
        <DCC_Namespace>Winapi;System.Win;Data.Win;Datasnap.Win;Web.Win;Soap.Win;Xml.Win;$(DCC_Namespace)</DCC_Namespace>
        <DCC_UsePackage>NexusDB475ssc370;FireDACIBDriver;vclwinx;NexusDB475tm370;fmx;vclie;DbxCommonDriver;bindengine;IndyIPCommon;VCLRESTComponents;FireDACCommonODBC;NexusDB475rd370;FMX_FlexCel_Components;IndyProtocols;TMSVCLUIPackPkgWiz;vclx;dbxcds;vcledge;FmxTeeUI;FlexCel_Pdf;TMSVCLUIPackPkgEx;vclribbon;FireDACSqliteDriver;DbxClientDriver;NexusDB475tn370;soapmidas;NexusDB475re370;TeeUI;dbexpress;TMSCloudPkgDE;NexusDB475scr370;TMSVCLUIPackPkg;inet;vcltouch;FMX_FlexCel_Core;NexusDB475sscr370;fmxdae;VCL_FlexCel_Core;CustomIPTransport;OmniThreadLibraryRuntime;IndySystem;NexusDB475ts370;NexusDB475rp370;NexusDB475mr370;TMSVCLIWPkg;vclFireDAC;FlexCel_Render;FireDACCommon;NexusDB475ch370;vacommpkg;bindcompdbx;NexusDB475ll370;rtl;FireDACMySQLDriver;VCL_FlexCel_Components;DBXSqliteDriver;IcsCommonNewRun;NexusDB475pt370;vclimg;inetdbxpress;FireDAC;NexusDB475se370;xmlrtl;NexusDB475ssx370;dsnap;NexusDB475sq370;fmxobj;bindcompvclsmp;NexusDB475tc370;NexusDB475tw370;NexusDB475psi370;FireDACCommonDriver;NexusDB475st370;IndyIPClient;NexusDB475sp370;TMSCloudPkg;bindcompvclwinx;bindcompfmx;AdvChartLinkPkg;TMSCryptoPkg;NexusDB475pv370;inetdb;NexusDB475psd370;NexusDB475sr370;Tee;vclactnband;TMSMQTTPkg;fmxFireDAC;DBXMySQLDriver;VclSmp;fmxase;hbTapi29;dbrtl;TMSDiagram;NexusDB475si370;FlexCel_XlsAdapter;TeeDB;FireDACMSAccDriver;NexusDB475ssll370;vcldsnap;DBXInterBaseDriver;TMSVCLUIPackPkgXls;NexusDB475sd370;Skia.Package.VCL;vcldb;NexusDB475sll370;FlexCel_Core;bindcomp;inetstn;IndyCore;RESTBackendComponents;TMSMQTTPkgDE;NexusDB475rb370;FireDACADSDriver;RaizeComponentsVclDb;NexusDB475lg370;RESTComponents;IndyIPServer;vcl;dsnapxml;adortl;dsnapcon;Mylib1;IcsVclNewRun;NexusDB475db370;NexusDB475th370;FireDACPgDriver;vacommpkgde;AdvChartPkg;tethering;bindcompvcl;NexusDB475rc370;CloudService;FMXTee;NexusDB475iv370;soaprtl;NexusDB475wsc370;RaizeComponentsVcl;soapserver;$(DCC_UsePackage)</DCC_UsePackage>
        <Icon_MainIcon>nxmcp_Icon.ico</Icon_MainIcon>
        <Manifest_File>(Ohne)</Manifest_File>
        <VerInfo_IncludeVerInfo>true</VerInfo_IncludeVerInfo>
        <VerInfo_Keys>CompanyName=;FileDescription=$(MSBuildProjectName);FileVersion=6.0.0.0;InternalName=nxmcp;LegalCopyright=;LegalTrademarks=;OriginalFilename=nxmcp.exe;ProgramID=;ProductName=$(MSBuildProjectName);ProductVersion=6.0.0.0;Comments=</VerInfo_Keys>
        <VerInfo_Locale>1033</VerInfo_Locale>
        <VerInfo_MajorVer>6</VerInfo_MajorVer>
        <VerInfo_MinorVer>0</VerInfo_MinorVer>
    </PropertyGroup>
    <PropertyGroup Condition="'$(Cfg_1)'!=''">
        <DCC_DebugDCUs>true</DCC_DebugDCUs>
        <DCC_DebugInfoInExe>true</DCC_DebugInfoInExe>
        <DCC_Define>DEBUG;$(DCC_Define)</DCC_Define>
        <DCC_GenerateStackFrames>true</DCC_GenerateStackFrames>
        <DCC_IntegerOverflowCheck>true</DCC_IntegerOverflowCheck>
        <DCC_Optimize>false</DCC_Optimize>
        <DCC_RangeChecking>true</DCC_RangeChecking>
        <DCC_RemoteDebug>true</DCC_RemoteDebug>
    </PropertyGroup>
    <PropertyGroup Condition="'$(Cfg_1_Win64)'!=''">
        <AppDPIAwarenessMode>none</AppDPIAwarenessMode>
        <Manifest_File>(None)</Manifest_File>
        <VerInfo_IncludeVerInfo>true</VerInfo_IncludeVerInfo>
        <VerInfo_Locale>1033</VerInfo_Locale>
    </PropertyGroup>
    <PropertyGroup Condition="'$(Cfg_2)'!=''">
        <DCC_DebugInformation>0</DCC_DebugInformation>
        <DCC_Define>RELEASE;$(DCC_Define)</DCC_Define>
        <DCC_LocalDebugSymbols>false</DCC_LocalDebugSymbols>
        <DCC_SymbolReferenceInfo>0</DCC_SymbolReferenceInfo>
    </PropertyGroup>
    <ItemGroup>
        <DelphiCompile Include="$(MainSource)">
            <MainSource>MainSource</MainSource>
        </DelphiCompile>
        <DCCReference Include="dmnx.pas">
            <Form>nxmodule</Form>
            <DesignClass>TDataModule</DesignClass>
        </DCCReference>
        <DCCReference Include="nxmcp.FileLog.pas"/>
        <DCCReference Include="nxmcp.CapabilityFilter.pas"/>
        <DCCReference Include="nxmcp.NexusErrors.pas"/>
        <DCCReference Include="nxmcp.SerializedManager.pas"/>
        <DCCReference Include="nxmcp.FieldTypes.pas"/>
        <DCCReference Include="nxmcp.ColumnSpec.pas"/>
        <DCCReference Include="nxmcp.SqlUtils.pas"/>
        <DCCReference Include="nxmcp.ValueFormat.pas"/>
        <DCCReference Include="nxmcp.QueryParams.pas"/>
        <DCCReference Include="nxmcp.Resource.Server.pas"/>
        <DCCReference Include="nxmcp.Resource.Tables.pas"/>
        <DCCReference Include="nxmcp.Resource.Schema.pas"/>
        <DCCReference Include="nxmcp.Tool.ExecuteQuery.pas"/>
        <DCCReference Include="nxmcp.Tool.GetTableSchema.pas"/>
        <DCCReference Include="nxmcp.Tool.ExecuteSQL.pas"/>
        <DCCReference Include="nxmcp.Tool.GetTableData.pas"/>
        <DCCReference Include="nxmcp.Tool.InsertRecord.pas"/>
        <DCCReference Include="nxmcp.Tool.UpdateRecords.pas"/>
        <DCCReference Include="nxmcp.Tool.DeleteRecords.pas"/>
        <DCCReference Include="nxmcp.Tool.CreateTable.pas"/>
        <DCCReference Include="nxmcp.Tool.DropTable.pas"/>
        <DCCReference Include="nxmcp.Tool.CopyTable.pas"/>
        <DCCReference Include="nxmcp.Tool.RenameTable.pas"/>
        <DCCReference Include="nxmcp.Tool.AddColumn.pas"/>
        <DCCReference Include="nxmcp.Tool.DropColumn.pas"/>
        <DCCReference Include="nxmcp.Tool.ModifyColumn.pas"/>
        <DCCReference Include="nxmcp.Tool.CreateIndex.pas"/>
        <DCCReference Include="nxmcp.Tool.DropIndex.pas"/>
        <DCCReference Include="nxmcp.Tool.SetTableDescription.pas"/>
        <DCCReference Include="nxmcp.Tool.SetColumnDescription.pas"/>
        <DCCReference Include="nxmcp.Tool.SetIndexDescription.pas"/>
        <DCCReference Include="nxmcp.Tool.SetFieldValidator.pas"/>
        <DCCReference Include="nxmcp.Tool.SetColumnDefault.pas"/>
        <DCCReference Include="nxmcp.Tool.SetDataPolicies.pas"/>
        <DCCReference Include="nxmcp.Tool.SetAudit.pas"/>
        <DCCReference Include="nxmcp.Tool.EmptyTable.pas"/>
        <DCCReference Include="nxmcp.Tool.PackTable.pas"/>
        <DCCReference Include="nxmcp.Tool.ReindexTable.pas"/>
        <DCCReference Include="nxmcp.Tool.RecoverTable.pas"/>
        <DCCReference Include="nxmcp.Tool.ChangePassword.pas"/>
        <DCCReference Include="nxmcp.Tool.GetAutoIncValue.pas"/>
        <DCCReference Include="nxmcp.Tool.CloseInactiveTables.pas"/>
        <DCCReference Include="nxmcp.Tool.BatchExecute.pas"/>
        <DCCReference Include="nxmcp.Tool.ListTables.pas"/>
        <DCCReference Include="nxmcp.Tool.CountRecords.pas"/>
        <DCCReference Include="nxmcp.Tool.ListIndexes.pas"/>
        <DCCReference Include="nxmcp.Tool.ExplainQuery.pas"/>
        <DCCReference Include="nxmcp.Tool.ListLocks.pas"/>
        <DCCReference Include="nxmcp.Tool.ListAliases.pas"/>
        <DCCReference Include="nxmcp.Tool.SwitchDatabase.pas"/>
        <DCCReference Include="nxmcp.Tool.SwitchServer.pas"/>
        <DCCReference Include="nxmcp.Tool.SetTimeout.pas"/>
        <DCCReference Include="nxmcp.Tool.GetQueryLog.pas"/>
        <BuildConfiguration Include="Base">
            <Key>Base</Key>
        </BuildConfiguration>
        <BuildConfiguration Include="Debug">
            <Key>Cfg_1</Key>
            <CfgParent>Base</CfgParent>
        </BuildConfiguration>
        <BuildConfiguration Include="Release">
            <Key>Cfg_2</Key>
            <CfgParent>Base</CfgParent>
        </BuildConfiguration>
    </ItemGroup>
    <ProjectExtensions>
        <Borland.Personality>Delphi.Personality.12</Borland.Personality>
        <Borland.ProjectType>Application</Borland.ProjectType>
        <BorlandProject>
            <Delphi.Personality>
                <Source>
                    <Source Name="MainSource">nxmcp.dpr</Source>
                </Source>
                <Excluded_Packages/>
            </Delphi.Personality>
            <Platforms>
                <Platform value="Android">False</Platform>
                <Platform value="Android64">False</Platform>
                <Platform value="Linux64">False</Platform>
                <Platform value="OSX64">False</Platform>
                <Platform value="OSXARM64">False</Platform>
                <Platform value="Win32">False</Platform>
                <Platform value="Win64">True</Platform>
                <Platform value="iOSDevice64">False</Platform>
                <Platform value="iOSSimARM64">False</Platform>
            </Platforms>
        </BorlandProject>
        <ProjectFileVersion>12</ProjectFileVersion>
    </ProjectExtensions>
    <Import Project="$(BDS)\Bin\CodeGear.Delphi.Targets" Condition="Exists('$(BDS)\Bin\CodeGear.Delphi.Targets')"/>
    <Import Project="$(APPDATA)\Embarcadero\$(BDSAPPDATABASEDIR)\$(PRODUCTVERSION)\UserTools.proj" Condition="Exists('$(APPDATA)\Embarcadero\$(BDSAPPDATABASEDIR)\$(PRODUCTVERSION)\UserTools.proj')"/>
    <Import Project="$(MSBuildProjectName).deployproj" Condition="Exists('$(MSBuildProjectName).deployproj')"/>
</Project>
